# This file was autogenerated by Stack.
# You should not edit this file by hand.
# For more information, please see the documentation at:
#   https://docs.haskellstack.org/en/stable/lock_files

packages:
- completed:
    commit: 94ae4dfe91fa03cf5863c6402c40a6d7967ac8b4
    git: https://github.com/flipstone/shrubbery.git
    name: shrubbery
    pantry-tree:
      sha256: 0fb6731198839e21baddc4e60138b94310e8befd334e19997f641bee8b2a7eb9
      size: 1094
    version: 0.1.2.0
  original:
    commit: 94ae4dfe91fa03cf5863c6402c40a6d7967ac8b4
    git: https://github.com/flipstone/shrubbery.git
snapshots:
- completed:
    sha256: e019cd29e3f7f9dbad500225829a3f7a50f73c674614f2f452e21bb8bf5d99ea
    size: 650253
    url: https://raw.githubusercontent.com/commercialhaskell/stackage-snapshots/master/lts/20/24.yaml
  original: lts-20.24
