# This file was autogenerated by Stack.
# You should not edit this file by hand.
# For more information, please see the documentation at:
#   https://docs.haskellstack.org/en/stable/topics/lock_files

packages:
- completed:
    name: shrubbery
    pantry-tree:
      sha256: ac1c659511a82f56fd04f9fbbf5e1e154bc99e821aeba6123777ddec5207dc05
      size: 2834
    sha256: 10cfe7d955e86cad2a93ed207d7b4fa2b205aa242785dee0c8df913283adf130
    size: 30352
    url: https://github.com/flipstone/shrubbery/archive/6dd2236be034f691bd6663d03961750af603c616.tar.gz
    version: 0.2.3.0
  original:
    url: https://github.com/flipstone/shrubbery/archive/6dd2236be034f691bd6663d03961750af603c616.tar.gz
- completed:
    name: bounded-text
    pantry-tree:
      sha256: e98540b1877ae4709420472f83e8fd04b987eaeb914df72bb33b0bbe55debac2
      size: 2162
    sha256: 29c500737d8e481fe2e3325fe643a9cafc565ffd06b754bf14219f579d927f5d
    size: 11885
    url: https://github.com/flipstone/bounded-text/archive/3ef94eeda5402857423284d0c4e021a8c8032498.tar.gz
    version: 0.1.2.0
  original:
    url: https://github.com/flipstone/bounded-text/archive/3ef94eeda5402857423284d0c4e021a8c8032498.tar.gz
- completed:
    hackage: template-haskell-lift-0.1.0.0@sha256:f6cd3ee45b0c68480c400bfca9f08f39e8e87a5eb823f206dbe06ab1923a4f1c,1136
    pantry-tree:
      sha256: 56ab994094c839bebb643ce5fc58dfae6269517ebe91f380e259adaf1def08bf
      size: 243
  original:
    hackage: template-haskell-lift-0.1.0.0
- completed:
    hackage: template-haskell-quasiquoter-0.1.0.0@sha256:71027c432c0fb1a293d0f2b1d46dd5be42b9703b7c4b2233ea8076bfc6f84aae,1181
    pantry-tree:
      sha256: f9f5177a522cc273c001dd5bd749e4f7ed841910c6136711b9b9825bc0bc9c56
      size: 257
  original:
    hackage: template-haskell-quasiquoter-0.1.0.0
- completed:
    hackage: non-empty-text-0.2.1@sha256:df9629af4ad53af59dc0bfb5995c0500aaa656c884485560e9115152f7495c20,2438
    pantry-tree:
      sha256: d8304ffcf168785e1a9d91c9f49bec92eacb43890ad31a48893861ff8de223ed
      size: 400
  original:
    hackage: non-empty-text-0.2.1
snapshots:
- completed:
    sha256: afd5ba64ab602cabc2d3942d3d7e7dd6311bc626dcb415b901eaf576cb62f0ea
    size: 640060
    url: https://raw.githubusercontent.com/commercialhaskell/stackage-snapshots/master/lts/21/22.yaml
  original: lts-21.22
