# This file was autogenerated by Stack.
# You should not edit this file by hand.
# For more information, please see the documentation at:
#   https://docs.haskellstack.org/en/stable/lock_files

packages:
- completed:
    commit: 730255546c2eb99071380db44b5e349318dead68
    git: https://github.com/flipstone/shrubbery.git
    name: shrubbery
    pantry-tree:
      sha256: f6778fb34b67dd92ed69d302377b1873a29ce8b29bae5ffcca4ef3bb20f11dd4
      size: 1737
    version: 0.2.0.0
  original:
    commit: 730255546c2eb99071380db44b5e349318dead68
    git: https://github.com/flipstone/shrubbery.git
snapshots:
- completed:
    sha256: fb482b8e2d5d061cdda4ba1da2957c012740c893a5ee1c1b99001adae7b1fbe7
    size: 640046
    url: https://raw.githubusercontent.com/commercialhaskell/stackage-snapshots/master/lts/21/19.yaml
  original: lts-21.19
