# This file was autogenerated by Stack.
# You should not edit this file by hand.
# For more information, please see the documentation at:
#   https://docs.haskellstack.org/en/stable/lock_files

packages:
- completed:
    name: shrubbery
    version: 0.1.0.0
    git: https://github.com/flipstone/shrubbery.git
    pantry-tree:
      size: 1027
      sha256: 3d40a707d683387e5448df32f9d9c2d3b939fe34c528308d037e10bd81264da0
    commit: ba602d04c5f85a0909fa4efa2227c07178bdb513
  original:
    git: https://github.com/flipstone/shrubbery.git
    commit: ba602d04c5f85a0909fa4efa2227c07178bdb513
snapshots:
- completed:
    size: 565266
    url: https://raw.githubusercontent.com/commercialhaskell/stackage-snapshots/master/lts/17/5.yaml
    sha256: 78e8ebabf11406261abbc95b44f240acf71802630b368888f6d758de7fc3a2f7
  original: lts-17.5
